
Microsoft Visual Studio Solution File, Format Version 12.00
# Visual Studio Version 17
VisualStudioVersion = 17.5.33424.131
MinimumVisualStudioVersion = 10.0.40219.1
Project("{8BC9CEB8-8B4A-11D0-8D11-00A0C91BC942}") = "easd_1_150_C", "easd_1_150_C\easd_1_150_C.vcxproj", "{7DCB8730-5303-46B3-9188-C4D0AD6B433B}"
EndProject
Global
	GlobalSection(SolutionConfigurationPlatforms) = preSolution
		Debug|x64 = Debug|x64
		Debug|x86 = Debug|x86
		Release|x64 = Release|x64
		Release|x86 = Release|x86
	EndGlobalSection
	GlobalSection(ProjectConfigurationPlatforms) = postSolution
		{7DCB8730-5303-46B3-9188-C4D0AD6B433B}.Debug|x64.ActiveCfg = Debug|x64
		{7DCB8730-5303-46B3-9188-C4D0AD6B433B}.Debug|x64.Build.0 = Debug|x64
		{7DCB8730-5303-46B3-9188-C4D0AD6B433B}.Debug|x86.ActiveCfg = Debug|Win32
		{7DCB8730-5303-46B3-9188-C4D0AD6B433B}.Debug|x86.Build.0 = Debug|Win32
		{7DCB8730-5303-46B3-9188-C4D0AD6B433B}.Release|x64.ActiveCfg = Release|x64
		{7DCB8730-5303-46B3-9188-C4D0AD6B433B}.Release|x64.Build.0 = Release|x64
		{7DCB8730-5303-46B3-9188-C4D0AD6B433B}.Release|x86.ActiveCfg = Release|Win32
		{7DCB8730-5303-46B3-9188-C4D0AD6B433B}.Release|x86.Build.0 = Release|Win32
	EndGlobalSection
	GlobalSection(SolutionProperties) = preSolution
		HideSolutionNode = FALSE
	EndGlobalSection
	GlobalSection(ExtensibilityGlobals) = postSolution
		SolutionGuid = {09A1020B-7EE8-4C5C-B6A0-DFD3C75676B2}
	EndGlobalSection
EndGlobal
